#
# This file is autogenerated by pip-compile with Python 3.11
# by the following command:
#
#    pip-compile --output-file=requirements-dev.lock --strip-extras requirements-dev.txt
#
alembic==1.18.5
    # via -r requirements.txt
annotated-doc==0.0.4
    # via fastapi
annotated-types==0.7.0
    # via pydantic
anyio==4.14.2
    # via
    #   httpx
    #   starlette
    #   watchfiles
argon2-cffi==25.1.0
    # via -r requirements.txt
argon2-cffi-bindings==25.1.0
    # via argon2-cffi
async-timeout==5.0.1
    # via redis
bandit==1.9.4
    # via -r requirements-dev.txt
boolean-py==5.0
    # via license-expression
build==1.5.1
    # via pip-tools
cachecontrol==0.14.4
    # via pip-audit
certifi==2026.6.17
    # via
    #   httpcore
    #   httpx
    #   requests
cffi==2.1.0
    # via
    #   argon2-cffi-bindings
    #   cryptography
charset-normalizer==3.4.9
    # via requests
click==8.4.2
    # via
    #   pip-tools
    #   uvicorn
cryptography==48.0.1
    # via -r requirements.txt
cyclonedx-python-lib==11.11.0
    # via pip-audit
defusedxml==0.7.1
    # via py-serializable
fastapi==0.139.0
    # via -r requirements.txt
filelock==3.29.7
    # via cachecontrol
greenlet==3.5.3
    # via sqlalchemy
h11==0.16.0
    # via
    #   httpcore
    #   uvicorn
httpcore==1.0.9
    # via httpx
httptools==0.8.0
    # via uvicorn
httpx==0.28.1
    # via -r requirements.txt
idna==3.18
    # via
    #   anyio
    #   httpx
    #   requests
iniconfig==2.3.0
    # via pytest
license-expression==30.4.4
    # via cyclonedx-python-lib
mako==1.3.12
    # via alembic
markdown-it-py==4.2.0
    # via rich
markupsafe==3.0.3
    # via mako
mdurl==0.1.2
    # via markdown-it-py
msgpack==1.2.1
    # via cachecontrol
packageurl-python==0.17.6
    # via cyclonedx-python-lib
packaging==26.2
    # via
    #   build
    #   pip-audit
    #   pip-requirements-parser
    #   pytest
    #   wheel
pip-api==0.0.34
    # via pip-audit
pip-audit==2.10.1
    # via -r requirements-dev.txt
pip-requirements-parser==32.0.1
    # via pip-audit
pip-tools==7.5.3
    # via -r requirements-dev.txt
platformdirs==4.10.0
    # via pip-audit
pluggy==1.6.0
    # via pytest
psycopg==3.3.4
    # via -r requirements.txt
psycopg-binary==3.3.4
    # via psycopg
psycopg-pool==3.3.1
    # via -r requirements.txt
py-serializable==2.1.0
    # via cyclonedx-python-lib
pycparser==3.0
    # via cffi
pydantic==2.13.4
    # via
    #   -r requirements.txt
    #   fastapi
pydantic-core==2.46.4
    # via pydantic
pygments==2.20.0
    # via
    #   pytest
    #   rich
pyparsing==3.3.2
    # via pip-requirements-parser
pyproject-hooks==1.2.0
    # via
    #   build
    #   pip-tools
pytest==9.1.1
    # via -r requirements-dev.txt
python-dotenv==1.2.2
    # via uvicorn
python-multipart==0.0.32
    # via -r requirements.txt
pyyaml==6.0.3
    # via
    #   bandit
    #   uvicorn
redis==7.4.1
    # via -r requirements.txt
requests==2.34.2
    # via
    #   cachecontrol
    #   pip-audit
    #   stripe
rich==15.0.0
    # via
    #   bandit
    #   pip-audit
ruff==0.15.21
    # via -r requirements-dev.txt
segno==1.6.6
    # via -r requirements.txt
sortedcontainers==2.4.0
    # via cyclonedx-python-lib
sqlalchemy==2.0.51
    # via
    #   -r requirements.txt
    #   alembic
starlette==1.3.1
    # via fastapi
stevedore==5.9.0
    # via bandit
stripe==14.4.1
    # via -r requirements.txt
tomli==2.4.1
    # via pip-audit
tomli-w==1.2.0
    # via pip-audit
typing-extensions==4.16.0
    # via
    #   alembic
    #   anyio
    #   cyclonedx-python-lib
    #   fastapi
    #   psycopg
    #   psycopg-pool
    #   pydantic
    #   pydantic-core
    #   sqlalchemy
    #   starlette
    #   stripe
    #   typing-inspection
typing-inspection==0.4.2
    # via
    #   fastapi
    #   pydantic
urllib3==2.7.0
    # via requests
uvicorn==0.51.0
    # via -r requirements.txt
uvloop==0.22.1
    # via uvicorn
watchfiles==1.2.0
    # via uvicorn
websockets==16.1
    # via uvicorn
wheel==0.47.0
    # via pip-tools

# The following packages are considered to be unsafe in a requirements file:
# pip
# setuptools
